
Microsoft Visual Studio Solution File, Format Version 12.00
# Visual Studio Version 17
VisualStudioVersion = 17.4.33103.184
MinimumVisualStudioVersion = 10.0.40219.1
Project("{FAE04EC0-301F-11D3-BF4B-00C04F79EFBC}") = "ContactsAPI", "API\ContactsAPI.csproj", "{F7E23C18-4BE5-43E3-8288-4632DAF540F3}"
EndProject
Global
	GlobalSection(SolutionConfigurationPlatforms) = preSolution
		Debug|Any CPU = Debug|Any CPU
		Release|Any CPU = Release|Any CPU
	EndGlobalSection
	GlobalSection(ProjectConfigurationPlatforms) = postSolution
		{F7E23C18-4BE5-43E3-8288-4632DAF540F3}.Debug|Any CPU.ActiveCfg = Debug|Any CPU
		{F7E23C18-4BE5-43E3-8288-4632DAF540F3}.Debug|Any CPU.Build.0 = Debug|Any CPU
		{F7E23C18-4BE5-43E3-8288-4632DAF540F3}.Release|Any CPU.ActiveCfg = Release|Any CPU
		{F7E23C18-4BE5-43E3-8288-4632DAF540F3}.Release|Any CPU.Build.0 = Release|Any CPU
	EndGlobalSection
	GlobalSection(SolutionProperties) = preSolution
		HideSolutionNode = FALSE
	EndGlobalSection
	GlobalSection(ExtensibilityGlobals) = postSolution
		SolutionGuid = {BBBB2D64-49A8-4E69-8293-0237951A6DBF}
	EndGlobalSection
EndGlobal
